
Microsoft Visual Studio Solution File, Format Version 12.00
# Visual Studio Version 17
VisualStudioVersion = 17.4.33110.190
MinimumVisualStudioVersion = 10.0.40219.1
Project("{FAE04EC0-301F-11D3-BF4B-00C04F79EFBC}") = "Численные методы", "Численные методы\Численные методы.csproj", "{77329F02-61AA-4C08-8353-FF485E907A85}"
EndProject
Project("{FAE04EC0-301F-11D3-BF4B-00C04F79EFBC}") = "Test", "Test\Test.csproj", "{15369C85-8BAD-403C-A404-B0661A764FBB}"
EndProject
Global
	GlobalSection(SolutionConfigurationPlatforms) = preSolution
		Debug|Any CPU = Debug|Any CPU
		Release|Any CPU = Release|Any CPU
	EndGlobalSection
	GlobalSection(ProjectConfigurationPlatforms) = postSolution
		{77329F02-61AA-4C08-8353-FF485E907A85}.Debug|Any CPU.ActiveCfg = Debug|Any CPU
		{77329F02-61AA-4C08-8353-FF485E907A85}.Debug|Any CPU.Build.0 = Debug|Any CPU
		{77329F02-61AA-4C08-8353-FF485E907A85}.Release|Any CPU.ActiveCfg = Release|Any CPU
		{77329F02-61AA-4C08-8353-FF485E907A85}.Release|Any CPU.Build.0 = Release|Any CPU
		{15369C85-8BAD-403C-A404-B0661A764FBB}.Debug|Any CPU.ActiveCfg = Debug|Any CPU
		{15369C85-8BAD-403C-A404-B0661A764FBB}.Debug|Any CPU.Build.0 = Debug|Any CPU
		{15369C85-8BAD-403C-A404-B0661A764FBB}.Release|Any CPU.ActiveCfg = Release|Any CPU
		{15369C85-8BAD-403C-A404-B0661A764FBB}.Release|Any CPU.Build.0 = Release|Any CPU
	EndGlobalSection
	GlobalSection(SolutionProperties) = preSolution
		HideSolutionNode = FALSE
	EndGlobalSection
	GlobalSection(ExtensibilityGlobals) = postSolution
		SolutionGuid = {13D64C96-CC97-4EAB-ACB3-AB8CB40D4C06}
	EndGlobalSection
EndGlobal
